<?xml version="1.0" encoding="UTF-8" standalone="yes" ?>
<CodeBlocks_project_file>
	<FileVersion major="1" minor="6" />
	<Project>
		<Option title="InvertedIndex" />
		<Option pch_mode="2" />
		<Option compiler="gcc" />
		<Build>
			<Target title="Debug">
				<Option output="bin/Debug/InvertedIndex" prefix_auto="1" extension_auto="1" />
				<Option object_output="obj/Debug/" />
				<Option type="1" />
				<Option compiler="gcc" />
				<Compiler>
					<Add option="-g" />
					<Add directory="include/content" />
					<Add directory="include/corpus" />
					<Add directory="include/util" />
					<Add directory="include/service" />
					<Add directory="include" />
					<Add directory="include/dao" />
				</Compiler>
			</Target>
			<Target title="Release">
				<Option output="bin/Release/InvertedIndex" prefix_auto="1" extension_auto="1" />
				<Option object_output="obj/Release/" />
				<Option type="1" />
				<Option compiler="gcc" />
				<Compiler>
					<Add option="-O2" />
					<Add directory="include/content" />
					<Add directory="include/corpus" />
					<Add directory="include/util" />
					<Add directory="include/service" />
					<Add directory="include" />
					<Add directory="include/dao" />
				</Compiler>
				<Linker>
					<Add option="-s" />
				</Linker>
			</Target>
		</Build>
		<Compiler>
			<Add option="-Wall" />
			<Add option="-fexceptions" />
		</Compiler>
		<Unit filename="include/DataStructure.h" />
		<Unit filename="include/content/Document.h" />
		<Unit filename="include/content/Sememe.h" />
		<Unit filename="include/content/WordIndex.h" />
		<Unit filename="include/content/WordIndexRecord.h" />
		<Unit filename="include/corpus/ReadCorpus.h" />
		<Unit filename="include/dao/DocumentDao.h" />
		<Unit filename="include/dao/GlossaryDao.h" />
		<Unit filename="include/service/DocumentOperation.h" />
		<Unit filename="include/service/SentenceSimilarity.h" />
		<Unit filename="include/service/WordSimilarity.h" />
		<Unit filename="include/util/HashUtil.h" />
		<Unit filename="include/util/RangeUtil.h" />
		<Unit filename="include/util/StringUtil.h" />
		<Unit filename="main.cpp" />
		<Unit filename="src/content/Document.cpp" />
		<Unit filename="src/content/Sememe.cpp" />
		<Unit filename="src/content/WordIndex.cpp" />
		<Unit filename="src/content/WordIndexRecord.cpp" />
		<Unit filename="src/corpus/ReadCorpus.cpp" />
		<Unit filename="src/dao/DocumentDao.cpp" />
		<Unit filename="src/dao/GlossaryDao.cpp" />
		<Unit filename="src/service/DocumentOperation.cpp" />
		<Unit filename="src/service/SentenceSimilarity.cpp" />
		<Unit filename="src/service/WordSimilarity.cpp" />
		<Unit filename="src/util/HashUtil.cpp" />
		<Unit filename="src/util/RangeUtil.cpp" />
		<Unit filename="src/util/StringUtil.cpp" />
		<Extensions>
			<code_completion />
			<debugger />
		</Extensions>
	</Project>
</CodeBlocks_project_file>
